# THIS IS AN AUTOGENERATED FILE. DO NOT EDIT THIS FILE DIRECTLY.
# yarn lockfile v1


"@types/atom@^1.24.1":
  version "1.24.1"
  resolved "https://registry.npmjs.org/@types/atom/-/atom-1.24.1.tgz#cad4efb45ab4c3921a749503d7fbdc3159e5c219"
  dependencies:
    "@types/jquery" "*"
    "@types/node" "*"

"@types/fs-extra@^5.0.1":
  version "5.0.1"
  resolved "https://registry.npmjs.org/@types/fs-extra/-/fs-extra-5.0.1.tgz#cd856fbbdd6af2c11f26f8928fd8644c9e9616c9"
  dependencies:
    "@types/node" "*"

"@types/jquery@*":
  version "3.3.0"
  resolved "http://registry.npm.taobao.org/@types/jquery/download/@types/jquery-3.3.0.tgz#6316ac20a1a13c5d521a2dc661befc7184f73f5b"

"@types/node@*", "@types/node@^9.4.6":
  version "9.4.6"
  resolved "http://registry.npm.taobao.org/@types/node/download/@types/node-9.4.6.tgz#d8176d864ee48753d053783e4e463aec86b8d82e"

"@types/node@^8.0.41":
  version "8.9.4"
  resolved "https://registry.yarnpkg.com/@types/node/-/node-8.9.4.tgz#dfd327582a06c114eb6e0441fa3d6fab35edad48"

async@2.6.0:
  version "2.6.0"
  resolved "https://registry.yarnpkg.com/async/-/async-2.6.0.tgz#61a29abb6fcc026fea77e56d1c6ec53a795951f4"
  dependencies:
    lodash "^4.14.0"

atom-languageclient@0.9.5:
  version "0.9.5"
  resolved "https://registry.yarnpkg.com/atom-languageclient/-/atom-languageclient-0.9.5.tgz#71746874f768df993618da4b4c288665acaa2a16"
  dependencies:
    "@types/atom" "^1.24.1"
    "@types/node" "^8.0.41"
    fuzzaldrin-plus "^0.6.0"
    vscode-jsonrpc "^3.5.0"
    vscode-languageserver-protocol "3.6.0-next.5"
    vscode-languageserver-types "^3.6.0-next.1"

atom-package-deps@4.6.2:
  version "4.6.2"
  resolved "https://registry.yarnpkg.com/atom-package-deps/-/atom-package-deps-4.6.2.tgz#9976ecd6d137bf8c8b24859edf319c2dd0e76b4d"
  dependencies:
    atom-package-path "^1.1.0"
    sb-fs "^3.0.0"
    semver "^5.3.0"

atom-package-path@^1.1.0:
  version "1.1.0"
  resolved "http://registry.npm.taobao.org/atom-package-path/download/atom-package-path-1.1.0.tgz#b51fedbc00e7c8ce5223d0d803db7a3f4f69614f"
  dependencies:
    sb-callsite "^1.1.2"

balanced-match@^1.0.0:
  version "1.0.0"
  resolved "http://registry.npm.taobao.org/balanced-match/download/balanced-match-1.0.0.tgz#89b4d199ab2bee49de164ea02b89ce462d71b767"

brace-expansion@^1.1.7:
  version "1.1.8"
  resolved "http://registry.npm.taobao.org/brace-expansion/download/brace-expansion-1.1.8.tgz#c07b211c7c952ec1f8efd51a77ef0d1d3990a292"
  dependencies:
    balanced-match "^1.0.0"
    concat-map "0.0.1"

cjson@0.5.0:
  version "0.5.0"
  resolved "https://registry.yarnpkg.com/cjson/-/cjson-0.5.0.tgz#a0f48601e016164dfb2c6d891e380c96cada9839"
  dependencies:
    json-parse-helpfulerror "^1.0.3"

concat-map@0.0.1:
  version "0.0.1"
  resolved "http://registry.npm.taobao.org/concat-map/download/concat-map-0.0.1.tgz#d8a96bd77fd68df7793a73036a3ba0d5405d477b"

deepmerge@2.1.0:
  version "2.1.0"
  resolved "https://registry.yarnpkg.com/deepmerge/-/deepmerge-2.1.0.tgz#511a54fff405fc346f0240bb270a3e9533a31102"

fs-extra@5.0.0:
  version "5.0.0"
  resolved "https://registry.yarnpkg.com/fs-extra/-/fs-extra-5.0.0.tgz#414d0110cdd06705734d055652c5411260c31abd"
  dependencies:
    graceful-fs "^4.1.2"
    jsonfile "^4.0.0"
    universalify "^0.1.0"

fs.realpath@^1.0.0:
  version "1.0.0"
  resolved "http://registry.npm.taobao.org/fs.realpath/download/fs.realpath-1.0.0.tgz#1504ad2523158caa40db4a2787cb01411994ea4f"

fuzzaldrin-plus@^0.6.0:
  version "0.6.0"
  resolved "https://registry.yarnpkg.com/fuzzaldrin-plus/-/fuzzaldrin-plus-0.6.0.tgz#832f6489fbe876769459599c914a670ec22947ee"

glob@7.1.2:
  version "7.1.2"
  resolved "http://registry.npm.taobao.org/glob/download/glob-7.1.2.tgz#c19c9df9a028702d678612384a6552404c636d15"
  dependencies:
    fs.realpath "^1.0.0"
    inflight "^1.0.4"
    inherits "2"
    minimatch "^3.0.4"
    once "^1.3.0"
    path-is-absolute "^1.0.0"

graceful-fs@^4.1.2, graceful-fs@^4.1.6:
  version "4.1.11"
  resolved "https://registry.npmjs.org/graceful-fs/-/graceful-fs-4.1.11.tgz#0e8bdfe4d1ddb8854d64e04ea7c00e2a026e5658"

inflight@^1.0.4:
  version "1.0.6"
  resolved "http://registry.npm.taobao.org/inflight/download/inflight-1.0.6.tgz#49bd6331d7d02d0c09bc910a1075ba8165b56df9"
  dependencies:
    once "^1.3.0"
    wrappy "1"

inherits@2:
  version "2.0.3"
  resolved "http://registry.npm.taobao.org/inherits/download/inherits-2.0.3.tgz#633c2c83e3da42a502f52466022480f4208261de"

is-utf8@^0.2.1:
  version "0.2.1"
  resolved "http://registry.npm.taobao.org/is-utf8/download/is-utf8-0.2.1.tgz#4b0da1442104d1b336340e80797e865cf39f7d72"

jju@^1.1.0:
  version "1.3.0"
  resolved "https://registry.yarnpkg.com/jju/-/jju-1.3.0.tgz#dadd9ef01924bc728b03f2f7979bdbd62f7a2aaa"

json-parse-helpfulerror@^1.0.3:
  version "1.0.3"
  resolved "https://registry.yarnpkg.com/json-parse-helpfulerror/-/json-parse-helpfulerror-1.0.3.tgz#13f14ce02eed4e981297b64eb9e3b932e2dd13dc"
  dependencies:
    jju "^1.1.0"

jsonfile@^4.0.0:
  version "4.0.0"
  resolved "https://registry.npmjs.org/jsonfile/-/jsonfile-4.0.0.tgz#8771aae0799b64076b76640fca058f9c10e33ecb"
  optionalDependencies:
    graceful-fs "^4.1.6"

lodash@4.17.5:
  version "4.17.5"
  resolved "https://registry.yarnpkg.com/lodash/-/lodash-4.17.5.tgz#99a92d65c0272debe8c96b6057bc8fbfa3bed511"

lodash@^4.14.0:
  version "4.17.4"
  resolved "http://registry.npm.taobao.org/lodash/download/lodash-4.17.4.tgz#78203a4d1c328ae1d86dca6460e369b57f4055ae"

lokijs@1.5.3:
  version "1.5.3"
  resolved "https://registry.yarnpkg.com/lokijs/-/lokijs-1.5.3.tgz#6952722ffa3049a55a5e1c10ee4a0947a3e5e19b"

minimatch@^3.0.4:
  version "3.0.4"
  resolved "http://registry.npm.taobao.org/minimatch/download/minimatch-3.0.4.tgz#5166e286457f03306064be5497e8dbb0c3d32083"
  dependencies:
    brace-expansion "^1.1.7"

ocaml-language-server@1.0.35:
  version "1.0.35"
  resolved "https://registry.yarnpkg.com/ocaml-language-server/-/ocaml-language-server-1.0.35.tgz#e80dab2d40a73b0eb629efc724a7b98581f801d1"
  dependencies:
    async "2.6.0"
    deepmerge "2.1.0"
    glob "7.1.2"
    lodash "4.17.5"
    lokijs "1.5.3"
    pegjs "0.10.0"
    vscode-jsonrpc "3.6.0"
    vscode-languageclient "4.0.1"
    vscode-languageserver "4.0.0"
    vscode-languageserver-protocol "3.6.0"
    vscode-uri "1.0.3"

once@^1.3.0:
  version "1.4.0"
  resolved "http://registry.npm.taobao.org/once/download/once-1.4.0.tgz#583b1aa775961d4b113ac17d9c50baef9dd76bd1"
  dependencies:
    wrappy "1"

path-is-absolute@^1.0.0:
  version "1.0.1"
  resolved "http://registry.npm.taobao.org/path-is-absolute/download/path-is-absolute-1.0.1.tgz#174b9268735534ffbc7ace6bf53a5a9e1b5c5f5f"

pegjs@0.10.0:
  version "0.10.0"
  resolved "http://registry.npm.taobao.org/pegjs/download/pegjs-0.10.0.tgz#cf8bafae6eddff4b5a7efb185269eaaf4610ddbd"

sb-callsite@^1.1.2:
  version "1.1.2"
  resolved "http://registry.npm.taobao.org/sb-callsite/download/sb-callsite-1.1.2.tgz#28191fb66d64e3a3ee92084a95a90fcb5102243b"

sb-fs@^3.0.0:
  version "3.0.0"
  resolved "http://registry.npm.taobao.org/sb-fs/download/sb-fs-3.0.0.tgz#fbdcdd3010e80a1b8e27490cef336064974203b8"
  dependencies:
    sb-promisify "^2.0.1"
    strip-bom-buf "^1.0.0"

sb-promisify@^2.0.1:
  version "2.0.2"
  resolved "http://registry.npm.taobao.org/sb-promisify/download/sb-promisify-2.0.2.tgz#4277a54754488aa9675d886e354db894c9bdc981"

semver@^5.3.0:
  version "5.4.1"
  resolved "http://registry.npm.taobao.org/semver/download/semver-5.4.1.tgz#e059c09d8571f0540823733433505d3a2f00b18e"

strip-bom-buf@^1.0.0:
  version "1.0.0"
  resolved "http://registry.npm.taobao.org/strip-bom-buf/download/strip-bom-buf-1.0.0.tgz#1cb45aaf57530f4caf86c7f75179d2c9a51dd572"
  dependencies:
    is-utf8 "^0.2.1"

typescript@^2.7.2:
  version "2.7.2"
  resolved "http://registry.npm.taobao.org/typescript/download/typescript-2.7.2.tgz#2d615a1ef4aee4f574425cdff7026edf81919836"

universalify@^0.1.0:
  version "0.1.1"
  resolved "https://registry.npmjs.org/universalify/-/universalify-0.1.1.tgz#fa71badd4437af4c148841e3b3b165f9e9e590b7"

vscode-jsonrpc@3.6.0, vscode-jsonrpc@^3.6.0, vscode-jsonrpc@^3.6.0-next.1:
  version "3.6.0"
  resolved "https://registry.yarnpkg.com/vscode-jsonrpc/-/vscode-jsonrpc-3.6.0.tgz#848d56995d5168950d84feb5d9c237ae5c6a02d4"

vscode-jsonrpc@^3.5.0:
  version "3.5.0"
  resolved "https://registry.yarnpkg.com/vscode-jsonrpc/-/vscode-jsonrpc-3.5.0.tgz#87239d9e166b2d7352245b8a813597804c1d63aa"

vscode-languageclient@4.0.1:
  version "4.0.1"
  resolved "https://registry.yarnpkg.com/vscode-languageclient/-/vscode-languageclient-4.0.1.tgz#70a3d98afa62b12bf932a5c987c8a73cee195017"
  dependencies:
    vscode-languageserver-protocol "^3.6.0"

vscode-languageserver-protocol@3.6.0, vscode-languageserver-protocol@^3.6.0:
  version "3.6.0"
  resolved "https://registry.yarnpkg.com/vscode-languageserver-protocol/-/vscode-languageserver-protocol-3.6.0.tgz#579642cdcccf74b0cd771c33daa3239acb40d040"
  dependencies:
    vscode-jsonrpc "^3.6.0"
    vscode-languageserver-types "^3.6.0"

vscode-languageserver-protocol@3.6.0-next.5:
  version "3.6.0-next.5"
  resolved "https://registry.yarnpkg.com/vscode-languageserver-protocol/-/vscode-languageserver-protocol-3.6.0-next.5.tgz#ed2ec2db759826f753c0a13977dfb2bedc4d31b3"
  dependencies:
    vscode-jsonrpc "^3.6.0-next.1"
    vscode-languageserver-types "^3.6.0-next.1"

vscode-languageserver-types@^3.6.0:
  version "3.6.1"
  resolved "https://registry.yarnpkg.com/vscode-languageserver-types/-/vscode-languageserver-types-3.6.1.tgz#4bc06a48dff653495f12f94b8b1e228988a1748d"

vscode-languageserver-types@^3.6.0-next.1:
  version "3.6.0"
  resolved "https://registry.yarnpkg.com/vscode-languageserver-types/-/vscode-languageserver-types-3.6.0.tgz#0bba63b0fa82a714394a4478f55a596ee4ed7d0a"

vscode-languageserver@4.0.0:
  version "4.0.0"
  resolved "https://registry.yarnpkg.com/vscode-languageserver/-/vscode-languageserver-4.0.0.tgz#8b792f0d6d10acfe363d02371ed4ce53d08af88a"
  dependencies:
    vscode-languageserver-protocol "^3.6.0"
    vscode-uri "^1.0.1"

vscode-uri@1.0.3:
  version "1.0.3"
  resolved "https://registry.yarnpkg.com/vscode-uri/-/vscode-uri-1.0.3.tgz#631bdbf716dccab0e65291a8dc25c23232085a52"

vscode-uri@^1.0.1:
  version "1.0.1"
  resolved "http://registry.npm.taobao.org/vscode-uri/download/vscode-uri-1.0.1.tgz#11a86befeac3c4aa3ec08623651a3c81a6d0bbc8"

wrappy@1:
  version "1.0.2"
  resolved "http://registry.npm.taobao.org/wrappy/download/wrappy-1.0.2.tgz#b5243d8f3ec1aa35f1364605bc0d1036e30ab69f"
